
Microsoft Visual Studio Solution File, Format Version 12.00
# Visual Studio 2013
VisualStudioVersion = 12.0.31101.0
MinimumVisualStudioVersion = 10.0.40219.1
Project("{FAE04EC0-301F-11D3-BF4B-00C04F79EFBC}") = "SharpPdf417", "SharpPdf417\SharpPdf417.csproj", "{7B0FA506-3A27-41D8-A7A3-1289F7AA7D0F}"
EndProject
Project("{FAE04EC0-301F-11D3-BF4B-00C04F79EFBC}") = "WindowsFormsDemo", "WindowsFormsDemo\WindowsFormsDemo.csproj", "{59232EAC-9C1E-4393-B865-FE597A1F1DB8}"
EndProject
Project("{2150E333-8FDC-42A3-9474-1A3956D46DE8}") = "Solution Items", "Solution Items", "{7264046A-1C43-400A-8292-DC3390E311A2}"
	ProjectSection(SolutionItems) = preProject
		LICENSE = LICENSE
		README.md = README.md
	EndProjectSection
EndProject
Global
	GlobalSection(SolutionConfigurationPlatforms) = preSolution
		Debug|Any CPU = Debug|Any CPU
		Release|Any CPU = Release|Any CPU
	EndGlobalSection
	GlobalSection(ProjectConfigurationPlatforms) = postSolution
		{7B0FA506-3A27-41D8-A7A3-1289F7AA7D0F}.Debug|Any CPU.ActiveCfg = Debug|Any CPU
		{7B0FA506-3A27-41D8-A7A3-1289F7AA7D0F}.Debug|Any CPU.Build.0 = Debug|Any CPU
		{7B0FA506-3A27-41D8-A7A3-1289F7AA7D0F}.Release|Any CPU.ActiveCfg = Release|Any CPU
		{7B0FA506-3A27-41D8-A7A3-1289F7AA7D0F}.Release|Any CPU.Build.0 = Release|Any CPU
		{59232EAC-9C1E-4393-B865-FE597A1F1DB8}.Debug|Any CPU.ActiveCfg = Debug|Any CPU
		{59232EAC-9C1E-4393-B865-FE597A1F1DB8}.Debug|Any CPU.Build.0 = Debug|Any CPU
		{59232EAC-9C1E-4393-B865-FE597A1F1DB8}.Release|Any CPU.ActiveCfg = Release|Any CPU
		{59232EAC-9C1E-4393-B865-FE597A1F1DB8}.Release|Any CPU.Build.0 = Release|Any CPU
	EndGlobalSection
	GlobalSection(SolutionProperties) = preSolution
		HideSolutionNode = FALSE
	EndGlobalSection
EndGlobal
